// !$*UTF8*$!
{
	archiveVersion = 1;
	classes = {
	};
	objectVersion = 55;
	objects = {

/* Begin PBXBuildFile section */
		73067AAF27DBF28600FC7A7F /* MessageCell.swift in Sources */ = {isa = PBXBuildFile; fileRef = 73067AAD27DBF28600FC7A7F /* MessageCell.swift */; };
		73067AB027DBF28600FC7A7F /* MessageCell.xib in Resources */ = {isa = PBXBuildFile; fileRef = 73067AAE27DBF28600FC7A7F /* MessageCell.xib */; };
		730FA0B527D0B8ED00EB0C39 /* Employee.storyboard in Resources */ = {isa = PBXBuildFile; fileRef = 730FA0B427D0B8ED00EB0C39 /* Employee.storyboard */; };
		730FA0B927D0B91B00EB0C39 /* EmployeeViewController.swift in Sources */ = {isa = PBXBuildFile; fileRef = 730FA0B827D0B91B00EB0C39 /* EmployeeViewController.swift */; };
		730FA0BD27D0BF3E00EB0C39 /* GoogleService-Info.plist in Resources */ = {isa = PBXBuildFile; fileRef = 730FA0BC27D0BF3E00EB0C39 /* GoogleService-Info.plist */; };
		73354A09281EECB000239127 /* MapsViewC.swift in Sources */ = {isa = PBXBuildFile; fileRef = 73354A08281EECB000239127 /* MapsViewC.swift */; };
		7338C11328183C2C0065CA3F /* FireBaseService.swift in Sources */ = {isa = PBXBuildFile; fileRef = 7338C11228183C2C0065CA3F /* FireBaseService.swift */; };
		73556EE327E79EB70051A2E5 /* ProfileAsTableView.storyboard in Resources */ = {isa = PBXBuildFile; fileRef = 73556EE227E79EB70051A2E5 /* ProfileAsTableView.storyboard */; };
		73556EE527E79FC70051A2E5 /* ProfileAsTableViewVC.swift in Sources */ = {isa = PBXBuildFile; fileRef = 73556EE427E79FC70051A2E5 /* ProfileAsTableViewVC.swift */; };
		73556EE927E7A38C0051A2E5 /* infoCell.swift in Sources */ = {isa = PBXBuildFile; fileRef = 73556EE727E7A38C0051A2E5 /* infoCell.swift */; };
		73556EEA27E7A38C0051A2E5 /* infoCell.xib in Resources */ = {isa = PBXBuildFile; fileRef = 73556EE827E7A38C0051A2E5 /* infoCell.xib */; };
		73680261281D4ED70039C251 /* WorkDetailsVC.swift in Sources */ = {isa = PBXBuildFile; fileRef = 73680260281D4ED70039C251 /* WorkDetailsVC.swift */; };
		73680263281D4EEB0039C251 /* WorkDetails.storyboard in Resources */ = {isa = PBXBuildFile; fileRef = 73680262281D4EEB0039C251 /* WorkDetails.storyboard */; };
		73680268281D508A0039C251 /* WorkDetailsCell.swift in Sources */ = {isa = PBXBuildFile; fileRef = 73680267281D508A0039C251 /* WorkDetailsCell.swift */; };
		7368026A281D50A90039C251 /* WorkDetailsCell.xib in Resources */ = {isa = PBXBuildFile; fileRef = 73680269281D50A90039C251 /* WorkDetailsCell.xib */; };
		7368026D281D54830039C251 /* GoogleMapsCell.xib in Resources */ = {isa = PBXBuildFile; fileRef = 7368026C281D54830039C251 /* GoogleMapsCell.xib */; };
		7368026F281D548C0039C251 /* GoogleMapsCell.swift in Sources */ = {isa = PBXBuildFile; fileRef = 7368026E281D548C0039C251 /* GoogleMapsCell.swift */; };
		7369FC8D27F3CDD800E0A312 /* CreateEmployeeVC.swift in Sources */ = {isa = PBXBuildFile; fileRef = 7369FC8C27F3CDD800E0A312 /* CreateEmployeeVC.swift */; };
		7369FC8F27F3CDEA00E0A312 /* CreateEmployee.storyboard in Resources */ = {isa = PBXBuildFile; fileRef = 7369FC8E27F3CDE900E0A312 /* CreateEmployee.storyboard */; };
		7374A2C327D124EE00493821 /* UserModel.swift in Sources */ = {isa = PBXBuildFile; fileRef = 7374A2C227D124EE00493821 /* UserModel.swift */; };
		7374A2C627D1283C00493821 /* SplashViewController.swift in Sources */ = {isa = PBXBuildFile; fileRef = 7374A2C427D1283C00493821 /* SplashViewController.swift */; };
		7374A2CA27D12C6000493821 /* UserDataService.swift in Sources */ = {isa = PBXBuildFile; fileRef = 7374A2C927D12C6000493821 /* UserDataService.swift */; };
		7374A2CD27D12C7E00493821 /* LoginService.swift in Sources */ = {isa = PBXBuildFile; fileRef = 7374A2CC27D12C7E00493821 /* LoginService.swift */; };
		7374A2D127D1321E00493821 /* Login.storyboard in Resources */ = {isa = PBXBuildFile; fileRef = 7374A2D027D1321E00493821 /* Login.storyboard */; };
		7381E2C027DB751F00134937 /* RequestCell.swift in Sources */ = {isa = PBXBuildFile; fileRef = 7381E2BE27DB751F00134937 /* RequestCell.swift */; };
		7381E2C127DB751F00134937 /* RequestCell.xib in Resources */ = {isa = PBXBuildFile; fileRef = 7381E2BF27DB751F00134937 /* RequestCell.xib */; };
		7394F01C27CCBA7B001C58C9 /* AppDelegate.swift in Sources */ = {isa = PBXBuildFile; fileRef = 7394F01B27CCBA7B001C58C9 /* AppDelegate.swift */; };
		7394F01E27CCBA7B001C58C9 /* SceneDelegate.swift in Sources */ = {isa = PBXBuildFile; fileRef = 7394F01D27CCBA7B001C58C9 /* SceneDelegate.swift */; };
		7394F02027CCBA7B001C58C9 /* LoginViewController.swift in Sources */ = {isa = PBXBuildFile; fileRef = 7394F01F27CCBA7B001C58C9 /* LoginViewController.swift */; };
		7394F02527CCBA7B001C58C9 /* Assets.xcassets in Resources */ = {isa = PBXBuildFile; fileRef = 7394F02427CCBA7B001C58C9 /* Assets.xcassets */; };
		7394F02827CCBA7B001C58C9 /* LaunchScreen.storyboard in Resources */ = {isa = PBXBuildFile; fileRef = 7394F02627CCBA7B001C58C9 /* LaunchScreen.storyboard */; };
		7394F03327CCBC9E001C58C9 /* Constants.swift in Sources */ = {isa = PBXBuildFile; fileRef = 7394F03227CCBC9E001C58C9 /* Constants.swift */; };
		73A1823A27E8E41F0042B648 /* EmployeeCell.swift in Sources */ = {isa = PBXBuildFile; fileRef = 73A1823827E8E41F0042B648 /* EmployeeCell.swift */; };
		73A1823B27E8E41F0042B648 /* EmployeeCell.xib in Resources */ = {isa = PBXBuildFile; fileRef = 73A1823927E8E41F0042B648 /* EmployeeCell.xib */; };
		73A735A027CF5F1F00FA9253 /* ResetPassword.storyboard in Resources */ = {isa = PBXBuildFile; fileRef = 73A7359F27CF5F1F00FA9253 /* ResetPassword.storyboard */; };
		73A735A327CF62D700FA9253 /* Main.storyboard in Resources */ = {isa = PBXBuildFile; fileRef = 73A735A227CF62D700FA9253 /* Main.storyboard */; };
		73A96AA4281340A6003A5CF6 /* SelectedEmpProfileVC.swift in Sources */ = {isa = PBXBuildFile; fileRef = 73A96AA3281340A6003A5CF6 /* SelectedEmpProfileVC.swift */; };
		73A96AA6281340B0003A5CF6 /* SelectedEmpProfile.storyboard in Resources */ = {isa = PBXBuildFile; fileRef = 73A96AA5281340B0003A5CF6 /* SelectedEmpProfile.storyboard */; };
		73ABEE4927D65A24001F4A2F /* Employees.storyboard in Resources */ = {isa = PBXBuildFile; fileRef = 73ABEE4827D65A24001F4A2F /* Employees.storyboard */; };
		73ABEE4B27D65FB9001F4A2F /* TabBar.storyboard in Resources */ = {isa = PBXBuildFile; fileRef = 73ABEE4A27D65FB9001F4A2F /* TabBar.storyboard */; };
		73C8942F27D140F200BA3A6A /* Extensions.swift in Sources */ = {isa = PBXBuildFile; fileRef = 73C8942E27D140F200BA3A6A /* Extensions.swift */; };
		73CBABF227EB4BF900D9A4FB /* DaysSchedulesVC.swift in Sources */ = {isa = PBXBuildFile; fileRef = 73CBABF127EB4BF900D9A4FB /* DaysSchedulesVC.swift */; };
		73CBABF427EB4C1100D9A4FB /* DaysSchedules.storyboard in Resources */ = {isa = PBXBuildFile; fileRef = 73CBABF327EB4C1100D9A4FB /* DaysSchedules.storyboard */; };
		73DDCA6D27D653B60025BC14 /* CommmunicationVC.swift in Sources */ = {isa = PBXBuildFile; fileRef = 73DDCA6C27D653B60025BC14 /* CommmunicationVC.swift */; };
		73DDCA6F27D653C70025BC14 /* ReportsVC.swift in Sources */ = {isa = PBXBuildFile; fileRef = 73DDCA6E27D653C70025BC14 /* ReportsVC.swift */; };
		73DDCA7127D653DF0025BC14 /* RequestsVC.swift in Sources */ = {isa = PBXBuildFile; fileRef = 73DDCA7027D653DF0025BC14 /* RequestsVC.swift */; };
		73DDCA7427D654150025BC14 /* EmployeesVC.swift in Sources */ = {isa = PBXBuildFile; fileRef = 73DDCA7327D654150025BC14 /* EmployeesVC.swift */; };
		73DDCA7627D654300025BC14 /* Commmunication.storyboard in Resources */ = {isa = PBXBuildFile; fileRef = 73DDCA7527D654300025BC14 /* Commmunication.storyboard */; };
		73DDCA7A27D654470025BC14 /* Reports.storyboard in Resources */ = {isa = PBXBuildFile; fileRef = 73DDCA7927D654470025BC14 /* Reports.storyboard */; };
		73DDCA7C27D654560025BC14 /* Requests.storyboard in Resources */ = {isa = PBXBuildFile; fileRef = 73DDCA7B27D654560025BC14 /* Requests.storyboard */; };
		73E4D70A281336A40067B407 /* ProfileOrSchedule.storyboard in Resources */ = {isa = PBXBuildFile; fileRef = 73E4D709281336A40067B407 /* ProfileOrSchedule.storyboard */; };
		73E4D70C281336AF0067B407 /* ProfileOrScheduleVC.swift in Sources */ = {isa = PBXBuildFile; fileRef = 73E4D70B281336AF0067B407 /* ProfileOrScheduleVC.swift */; };
		73E61AC0281EF4E900E2BBE0 /* Maps.storyboard in Resources */ = {isa = PBXBuildFile; fileRef = 73E61ABF281EF4E900E2BBE0 /* Maps.storyboard */; };
		73FBD99A27CD73A90061B864 /* ResetPassViewController.swift in Sources */ = {isa = PBXBuildFile; fileRef = 73FBD99927CD73A90061B864 /* ResetPassViewController.swift */; };
		ABC2E132C1AF08CDB9826C25 /* Pods_FlashHR.framework in Frameworks */ = {isa = PBXBuildFile; fileRef = 0C276AF36410A344916FB7C1 /* Pods_FlashHR.framework */; };
/* End PBXBuildFile section */

/* Begin PBXFileReference section */
		0C276AF36410A344916FB7C1 /* Pods_FlashHR.framework */ = {isa = PBXFileReference; explicitFileType = wrapper.framework; includeInIndex = 0; path = Pods_FlashHR.framework; sourceTree = BUILT_PRODUCTS_DIR; };
		34D270E593635B02F0649083 /* Pods-FlashHR.release.xcconfig */ = {isa = PBXFileReference; includeInIndex = 1; lastKnownFileType = text.xcconfig; name = "Pods-FlashHR.release.xcconfig"; path = "Target Support Files/Pods-FlashHR/Pods-FlashHR.release.xcconfig"; sourceTree = "<group>"; };
		73067AAD27DBF28600FC7A7F /* MessageCell.swift */ = {isa = PBXFileReference; lastKnownFileType = sourcecode.swift; path = MessageCell.swift; sourceTree = "<group>"; };
		73067AAE27DBF28600FC7A7F /* MessageCell.xib */ = {isa = PBXFileReference; lastKnownFileType = file.xib; path = MessageCell.xib; sourceTree = "<group>"; };
		730FA0B427D0B8ED00EB0C39 /* Employee.storyboard */ = {isa = PBXFileReference; lastKnownFileType = file.storyboard; path = Employee.storyboard; sourceTree = "<group>"; };
		730FA0B827D0B91B00EB0C39 /* EmployeeViewController.swift */ = {isa = PBXFileReference; lastKnownFileType = sourcecode.swift; path = EmployeeViewController.swift; sourceTree = "<group>"; };
		730FA0BC27D0BF3E00EB0C39 /* GoogleService-Info.plist */ = {isa = PBXFileReference; fileEncoding = 4; lastKnownFileType = text.plist.xml; path = "GoogleService-Info.plist"; sourceTree = "<group>"; };
		73354A08281EECB000239127 /* MapsViewC.swift */ = {isa = PBXFileReference; lastKnownFileType = sourcecode.swift; path = MapsViewC.swift; sourceTree = "<group>"; };
		7338C11228183C2C0065CA3F /* FireBaseService.swift */ = {isa = PBXFileReference; lastKnownFileType = sourcecode.swift; path = FireBaseService.swift; sourceTree = "<group>"; };
		73556EE227E79EB70051A2E5 /* ProfileAsTableView.storyboard */ = {isa = PBXFileReference; lastKnownFileType = file.storyboard; path = ProfileAsTableView.storyboard; sourceTree = "<group>"; };
		73556EE427E79FC70051A2E5 /* ProfileAsTableViewVC.swift */ = {isa = PBXFileReference; lastKnownFileType = sourcecode.swift; path = ProfileAsTableViewVC.swift; sourceTree = "<group>"; };
		73556EE727E7A38C0051A2E5 /* infoCell.swift */ = {isa = PBXFileReference; lastKnownFileType = sourcecode.swift; path = infoCell.swift; sourceTree = "<group>"; };
		73556EE827E7A38C0051A2E5 /* infoCell.xib */ = {isa = PBXFileReference; lastKnownFileType = file.xib; path = infoCell.xib; sourceTree = "<group>"; };
		73680260281D4ED70039C251 /* WorkDetailsVC.swift */ = {isa = PBXFileReference; lastKnownFileType = sourcecode.swift; path = WorkDetailsVC.swift; sourceTree = "<group>"; };
		73680262281D4EEB0039C251 /* WorkDetails.storyboard */ = {isa = PBXFileReference; lastKnownFileType = file.storyboard; path = WorkDetails.storyboard; sourceTree = "<group>"; };
		73680267281D508A0039C251 /* WorkDetailsCell.swift */ = {isa = PBXFileReference; lastKnownFileType = sourcecode.swift; path = WorkDetailsCell.swift; sourceTree = "<group>"; };
		73680269281D50A90039C251 /* WorkDetailsCell.xib */ = {isa = PBXFileReference; lastKnownFileType = file.xib; path = WorkDetailsCell.xib; sourceTree = "<group>"; };
		7368026C281D54830039C251 /* GoogleMapsCell.xib */ = {isa = PBXFileReference; lastKnownFileType = file.xib; path = GoogleMapsCell.xib; sourceTree = "<group>"; };
		7368026E281D548C0039C251 /* GoogleMapsCell.swift */ = {isa = PBXFileReference; lastKnownFileType = sourcecode.swift; path = GoogleMapsCell.swift; sourceTree = "<group>"; };
		7369FC8C27F3CDD800E0A312 /* CreateEmployeeVC.swift */ = {isa = PBXFileReference; lastKnownFileType = sourcecode.swift; path = CreateEmployeeVC.swift; sourceTree = "<group>"; };
		7369FC8E27F3CDE900E0A312 /* CreateEmployee.storyboard */ = {isa = PBXFileReference; lastKnownFileType = file.storyboard; path = CreateEmployee.storyboard; sourceTree = "<group>"; };
		7374A2C227D124EE00493821 /* UserModel.swift */ = {isa = PBXFileReference; lastKnownFileType = sourcecode.swift; path = UserModel.swift; sourceTree = "<group>"; };
		7374A2C427D1283C00493821 /* SplashViewController.swift */ = {isa = PBXFileReference; lastKnownFileType = sourcecode.swift; path = SplashViewController.swift; sourceTree = "<group>"; };
		7374A2C927D12C6000493821 /* UserDataService.swift */ = {isa = PBXFileReference; lastKnownFileType = sourcecode.swift; path = UserDataService.swift; sourceTree = "<group>"; };
		7374A2CC27D12C7E00493821 /* LoginService.swift */ = {isa = PBXFileReference; lastKnownFileType = sourcecode.swift; path = LoginService.swift; sourceTree = "<group>"; };
		7374A2D027D1321E00493821 /* Login.storyboard */ = {isa = PBXFileReference; lastKnownFileType = file.storyboard; path = Login.storyboard; sourceTree = "<group>"; };
		7381E2BE27DB751F00134937 /* RequestCell.swift */ = {isa = PBXFileReference; lastKnownFileType = sourcecode.swift; path = RequestCell.swift; sourceTree = "<group>"; };
		7381E2BF27DB751F00134937 /* RequestCell.xib */ = {isa = PBXFileReference; lastKnownFileType = file.xib; path = RequestCell.xib; sourceTree = "<group>"; };
		7394F01827CCBA7B001C58C9 /* FlashHR.app */ = {isa = PBXFileReference; explicitFileType = wrapper.application; includeInIndex = 0; path = FlashHR.app; sourceTree = BUILT_PRODUCTS_DIR; };
		7394F01B27CCBA7B001C58C9 /* AppDelegate.swift */ = {isa = PBXFileReference; lastKnownFileType = sourcecode.swift; path = AppDelegate.swift; sourceTree = "<group>"; };
		7394F01D27CCBA7B001C58C9 /* SceneDelegate.swift */ = {isa = PBXFileReference; lastKnownFileType = sourcecode.swift; path = SceneDelegate.swift; sourceTree = "<group>"; };
		7394F01F27CCBA7B001C58C9 /* LoginViewController.swift */ = {isa = PBXFileReference; lastKnownFileType = sourcecode.swift; path = LoginViewController.swift; sourceTree = "<group>"; };
		7394F02427CCBA7B001C58C9 /* Assets.xcassets */ = {isa = PBXFileReference; lastKnownFileType = folder.assetcatalog; path = Assets.xcassets; sourceTree = "<group>"; };
		7394F02727CCBA7B001C58C9 /* Base */ = {isa = PBXFileReference; lastKnownFileType = file.storyboard; name = Base; path = Base.lproj/LaunchScreen.storyboard; sourceTree = "<group>"; };
		7394F02927CCBA7B001C58C9 /* Info.plist */ = {isa = PBXFileReference; lastKnownFileType = text.plist.xml; path = Info.plist; sourceTree = "<group>"; };
		7394F03227CCBC9E001C58C9 /* Constants.swift */ = {isa = PBXFileReference; lastKnownFileType = sourcecode.swift; path = Constants.swift; sourceTree = "<group>"; };
		73A1823827E8E41F0042B648 /* EmployeeCell.swift */ = {isa = PBXFileReference; lastKnownFileType = sourcecode.swift; path = EmployeeCell.swift; sourceTree = "<group>"; };
		73A1823927E8E41F0042B648 /* EmployeeCell.xib */ = {isa = PBXFileReference; lastKnownFileType = file.xib; path = EmployeeCell.xib; sourceTree = "<group>"; };
		73A7359F27CF5F1F00FA9253 /* ResetPassword.storyboard */ = {isa = PBXFileReference; lastKnownFileType = file.storyboard; path = ResetPassword.storyboard; sourceTree = "<group>"; };
		73A735A227CF62D700FA9253 /* Main.storyboard */ = {isa = PBXFileReference; lastKnownFileType = file.storyboard; path = Main.storyboard; sourceTree = "<group>"; };
		73A96AA3281340A6003A5CF6 /* SelectedEmpProfileVC.swift */ = {isa = PBXFileReference; lastKnownFileType = sourcecode.swift; path = SelectedEmpProfileVC.swift; sourceTree = "<group>"; };
		73A96AA5281340B0003A5CF6 /* SelectedEmpProfile.storyboard */ = {isa = PBXFileReference; lastKnownFileType = file.storyboard; path = SelectedEmpProfile.storyboard; sourceTree = "<group>"; };
		73ABEE4827D65A24001F4A2F /* Employees.storyboard */ = {isa = PBXFileReference; lastKnownFileType = file.storyboard; path = Employees.storyboard; sourceTree = "<group>"; };
		73ABEE4A27D65FB9001F4A2F /* TabBar.storyboard */ = {isa = PBXFileReference; lastKnownFileType = file.storyboard; path = TabBar.storyboard; sourceTree = "<group>"; };
		73C8942E27D140F200BA3A6A /* Extensions.swift */ = {isa = PBXFileReference; lastKnownFileType = sourcecode.swift; path = Extensions.swift; sourceTree = "<group>"; };
		73CBABF127EB4BF900D9A4FB /* DaysSchedulesVC.swift */ = {isa = PBXFileReference; lastKnownFileType = sourcecode.swift; path = DaysSchedulesVC.swift; sourceTree = "<group>"; };
		73CBABF327EB4C1100D9A4FB /* DaysSchedules.storyboard */ = {isa = PBXFileReference; lastKnownFileType = file.storyboard; path = DaysSchedules.storyboard; sourceTree = "<group>"; };
		73DDCA6C27D653B60025BC14 /* CommmunicationVC.swift */ = {isa = PBXFileReference; lastKnownFileType = sourcecode.swift; path = CommmunicationVC.swift; sourceTree = "<group>"; };
		73DDCA6E27D653C70025BC14 /* ReportsVC.swift */ = {isa = PBXFileReference; lastKnownFileType = sourcecode.swift; path = ReportsVC.swift; sourceTree = "<group>"; };
		73DDCA7027D653DF0025BC14 /* RequestsVC.swift */ = {isa = PBXFileReference; lastKnownFileType = sourcecode.swift; path = RequestsVC.swift; sourceTree = "<group>"; };
		73DDCA7327D654150025BC14 /* EmployeesVC.swift */ = {isa = PBXFileReference; lastKnownFileType = sourcecode.swift; path = EmployeesVC.swift; sourceTree = "<group>"; };
		73DDCA7527D654300025BC14 /* Commmunication.storyboard */ = {isa = PBXFileReference; lastKnownFileType = file.storyboard; path = Commmunication.storyboard; sourceTree = "<group>"; };
		73DDCA7927D654470025BC14 /* Reports.storyboard */ = {isa = PBXFileReference; lastKnownFileType = file.storyboard; path = Reports.storyboard; sourceTree = "<group>"; };
		73DDCA7B27D654560025BC14 /* Requests.storyboard */ = {isa = PBXFileReference; lastKnownFileType = file.storyboard; path = Requests.storyboard; sourceTree = "<group>"; };
		73E4D709281336A40067B407 /* ProfileOrSchedule.storyboard */ = {isa = PBXFileReference; lastKnownFileType = file.storyboard; path = ProfileOrSchedule.storyboard; sourceTree = "<group>"; };
		73E4D70B281336AF0067B407 /* ProfileOrScheduleVC.swift */ = {isa = PBXFileReference; lastKnownFileType = sourcecode.swift; path = ProfileOrScheduleVC.swift; sourceTree = "<group>"; };
		73E61ABF281EF4E900E2BBE0 /* Maps.storyboard */ = {isa = PBXFileReference; lastKnownFileType = file.storyboard; path = Maps.storyboard; sourceTree = "<group>"; };
		73FBD99927CD73A90061B864 /* ResetPassViewController.swift */ = {isa = PBXFileReference; lastKnownFileType = sourcecode.swift; path = ResetPassViewController.swift; sourceTree = "<group>"; };
		BD537B4C9017A29F0631B0E3 /* Pods-FlashHR.debug.xcconfig */ = {isa = PBXFileReference; includeInIndex = 1; lastKnownFileType = text.xcconfig; name = "Pods-FlashHR.debug.xcconfig"; path = "Target Support Files/Pods-FlashHR/Pods-FlashHR.debug.xcconfig"; sourceTree = "<group>"; };
/* End PBXFileReference section */

/* Begin PBXFrameworksBuildPhase section */
		7394F01527CCBA7B001C58C9 /* Frameworks */ = {
			isa = PBXFrameworksBuildPhase;
			buildActionMask = 2147483647;
			files = (
				ABC2E132C1AF08CDB9826C25 /* Pods_FlashHR.framework in Frameworks */,
			);
			runOnlyForDeploymentPostprocessing = 0;
		};
/* End PBXFrameworksBuildPhase section */

/* Begin PBXGroup section */
		73067AA727DBF1B100FC7A7F /* RequestCell */ = {
			isa = PBXGroup;
			children = (
				7381E2BE27DB751F00134937 /* RequestCell.swift */,
				7381E2BF27DB751F00134937 /* RequestCell.xib */,
			);
			path = RequestCell;
			sourceTree = "<group>";
		};
		73067AA827DBF1C400FC7A7F /* MessageCell */ = {
			isa = PBXGroup;
			children = (
				73067AAD27DBF28600FC7A7F /* MessageCell.swift */,
				73067AAE27DBF28600FC7A7F /* MessageCell.xib */,
			);
			path = MessageCell;
			sourceTree = "<group>";
		};
		7333064C27D256750019ECF0 /* EmployerFlow */ = {
			isa = PBXGroup;
			children = (
				73ABEE4A27D65FB9001F4A2F /* TabBar.storyboard */,
				73DDCA7F27D6548F0025BC14 /* EmployeesPage */,
				73DDCA7E27D654790025BC14 /* CommunicationPage */,
				73DDCA8027D654A30025BC14 /* RequestsPasge */,
				7333064D27D257230019ECF0 /* ProfilePage */,
				73DDCA7D27D6545D0025BC14 /* ReportsPage */,
			);
			path = EmployerFlow;
			sourceTree = "<group>";
		};
		7333064D27D257230019ECF0 /* ProfilePage */ = {
			isa = PBXGroup;
			children = (
				73556EE427E79FC70051A2E5 /* ProfileAsTableViewVC.swift */,
				73556EE227E79EB70051A2E5 /* ProfileAsTableView.storyboard */,
				73556EE627E7A35D0051A2E5 /* infoCell */,
			);
			path = ProfilePage;
			sourceTree = "<group>";
		};
		7333064E27D257660019ECF0 /* EmployeeFlow */ = {
			isa = PBXGroup;
			children = (
				7333064F27D2577D0019ECF0 /* EmployeeProfile */,
			);
			path = EmployeeFlow;
			sourceTree = "<group>";
		};
		7333064F27D2577D0019ECF0 /* EmployeeProfile */ = {
			isa = PBXGroup;
			children = (
				730FA0B827D0B91B00EB0C39 /* EmployeeViewController.swift */,
				730FA0B427D0B8ED00EB0C39 /* Employee.storyboard */,
			);
			path = EmployeeProfile;
			sourceTree = "<group>";
		};
		73354A05281EEC6F00239127 /* MapsVC */ = {
			isa = PBXGroup;
			children = (
				73354A08281EECB000239127 /* MapsViewC.swift */,
				73E61ABF281EF4E900E2BBE0 /* Maps.storyboard */,
			);
			path = MapsVC;
			sourceTree = "<group>";
		};
		73556EE627E7A35D0051A2E5 /* infoCell */ = {
			isa = PBXGroup;
			children = (
				73556EE727E7A38C0051A2E5 /* infoCell.swift */,
				73556EE827E7A38C0051A2E5 /* infoCell.xib */,
			);
			path = infoCell;
			sourceTree = "<group>";
		};
		7368025F281D4EB70039C251 /* WorkDeatilsVC */ = {
			isa = PBXGroup;
			children = (
				73680260281D4ED70039C251 /* WorkDetailsVC.swift */,
				73680262281D4EEB0039C251 /* WorkDetails.storyboard */,
				73680264281D50340039C251 /* WorkDetailsCell */,
				7368026B281D544F0039C251 /* GoogleMapsCell */,
				73354A05281EEC6F00239127 /* MapsVC */,
			);
			path = WorkDeatilsVC;
			sourceTree = "<group>";
		};
		73680264281D50340039C251 /* WorkDetailsCell */ = {
			isa = PBXGroup;
			children = (
				73680267281D508A0039C251 /* WorkDetailsCell.swift */,
				73680269281D50A90039C251 /* WorkDetailsCell.xib */,
			);
			path = WorkDetailsCell;
			sourceTree = "<group>";
		};
		7368026B281D544F0039C251 /* GoogleMapsCell */ = {
			isa = PBXGroup;
			children = (
				7368026E281D548C0039C251 /* GoogleMapsCell.swift */,
				7368026C281D54830039C251 /* GoogleMapsCell.xib */,
			);
			path = GoogleMapsCell;
			sourceTree = "<group>";
		};
		7369FC8A27F3CD9000E0A312 /* CreateEmployees */ = {
			isa = PBXGroup;
			children = (
				7369FC8C27F3CDD800E0A312 /* CreateEmployeeVC.swift */,
				7369FC8E27F3CDE900E0A312 /* CreateEmployee.storyboard */,
			);
			path = CreateEmployees;
			sourceTree = "<group>";
		};
		7374A2BE27D1239E00493821 /* Core */ = {
			isa = PBXGroup;
			children = (
				7394F02F27CCBA9B001C58C9 /* Model */,
				7374A2C827D12C4C00493821 /* Services */,
			);
			path = Core;
			sourceTree = "<group>";
		};
		7374A2BF27D123A500493821 /* View-ViewControllers */ = {
			isa = PBXGroup;
			children = (
				7374A2CF27D131AD00493821 /* LoginFlow */,
				7333064C27D256750019ECF0 /* EmployerFlow */,
				7333064E27D257660019ECF0 /* EmployeeFlow */,
			);
			path = "View-ViewControllers";
			sourceTree = "<group>";
		};
		7374A2C027D123D700493821 /* LoginPage */ = {
			isa = PBXGroup;
			children = (
				7394F01F27CCBA7B001C58C9 /* LoginViewController.swift */,
				7374A2D027D1321E00493821 /* Login.storyboard */,
			);
			path = LoginPage;
			sourceTree = "<group>";
		};
		7374A2C127D1240C00493821 /* SplashPage */ = {
			isa = PBXGroup;
			children = (
				7374A2C427D1283C00493821 /* SplashViewController.swift */,
				73A735A227CF62D700FA9253 /* Main.storyboard */,
			);
			path = SplashPage;
			sourceTree = "<group>";
		};
		7374A2C827D12C4C00493821 /* Services */ = {
			isa = PBXGroup;
			children = (
				7374A2C927D12C6000493821 /* UserDataService.swift */,
				7374A2CC27D12C7E00493821 /* LoginService.swift */,
				7338C11228183C2C0065CA3F /* FireBaseService.swift */,
			);
			path = Services;
			sourceTree = "<group>";
		};
		7374A2CE27D131A100493821 /* ResetPasswordPage */ = {
			isa = PBXGroup;
			children = (
				73FBD99927CD73A90061B864 /* ResetPassViewController.swift */,
				73A7359F27CF5F1F00FA9253 /* ResetPassword.storyboard */,
			);
			path = ResetPasswordPage;
			sourceTree = "<group>";
		};
		7374A2CF27D131AD00493821 /* LoginFlow */ = {
			isa = PBXGroup;
			children = (
				7374A2C127D1240C00493821 /* SplashPage */,
				7374A2C027D123D700493821 /* LoginPage */,
				7374A2CE27D131A100493821 /* ResetPasswordPage */,
			);
			path = LoginFlow;
			sourceTree = "<group>";
		};
		7394F00F27CCBA7B001C58C9 = {
			isa = PBXGroup;
			children = (
				7394F01A27CCBA7B001C58C9 /* FlashHR */,
				7394F01927CCBA7B001C58C9 /* Products */,
				A4BD030DFA22BE0A3DC63323 /* Pods */,
				EAD06FF461377279B6F77236 /* Frameworks */,
			);
			sourceTree = "<group>";
		};
		7394F01927CCBA7B001C58C9 /* Products */ = {
			isa = PBXGroup;
			children = (
				7394F01827CCBA7B001C58C9 /* FlashHR.app */,
			);
			name = Products;
			sourceTree = "<group>";
		};
		7394F01A27CCBA7B001C58C9 /* FlashHR */ = {
			isa = PBXGroup;
			children = (
				7394F01B27CCBA7B001C58C9 /* AppDelegate.swift */,
				7394F01D27CCBA7B001C58C9 /* SceneDelegate.swift */,
				7394F02427CCBA7B001C58C9 /* Assets.xcassets */,
				7394F02627CCBA7B001C58C9 /* LaunchScreen.storyboard */,
				7374A2BE27D1239E00493821 /* Core */,
				7374A2BF27D123A500493821 /* View-ViewControllers */,
				73C8942D27D140CE00BA3A6A /* Support Files */,
				730FA0BC27D0BF3E00EB0C39 /* GoogleService-Info.plist */,
				7394F02927CCBA7B001C58C9 /* Info.plist */,
			);
			path = FlashHR;
			sourceTree = "<group>";
		};
		7394F02F27CCBA9B001C58C9 /* Model */ = {
			isa = PBXGroup;
			children = (
				7374A2C227D124EE00493821 /* UserModel.swift */,
			);
			path = Model;
			sourceTree = "<group>";
		};
		73A1823C27E8E4250042B648 /* EmployeeCell */ = {
			isa = PBXGroup;
			children = (
				73A1823827E8E41F0042B648 /* EmployeeCell.swift */,
				73A1823927E8E41F0042B648 /* EmployeeCell.xib */,
			);
			path = EmployeeCell;
			sourceTree = "<group>";
		};
		73A96AA228134082003A5CF6 /* SelectedEmpProfile */ = {
			isa = PBXGroup;
			children = (
				73A96AA3281340A6003A5CF6 /* SelectedEmpProfileVC.swift */,
				73A96AA5281340B0003A5CF6 /* SelectedEmpProfile.storyboard */,
			);
			path = SelectedEmpProfile;
			sourceTree = "<group>";
		};
		73C8942D27D140CE00BA3A6A /* Support Files */ = {
			isa = PBXGroup;
			children = (
				73C8942E27D140F200BA3A6A /* Extensions.swift */,
				7394F03227CCBC9E001C58C9 /* Constants.swift */,
			);
			path = "Support Files";
			sourceTree = "<group>";
		};
		73CBABF027EB4B8300D9A4FB /* DaysSchedules */ = {
			isa = PBXGroup;
			children = (
				73CBABF127EB4BF900D9A4FB /* DaysSchedulesVC.swift */,
				73CBABF327EB4C1100D9A4FB /* DaysSchedules.storyboard */,
				7368025F281D4EB70039C251 /* WorkDeatilsVC */,
			);
			path = DaysSchedules;
			sourceTree = "<group>";
		};
		73DDCA7D27D6545D0025BC14 /* ReportsPage */ = {
			isa = PBXGroup;
			children = (
				73DDCA6E27D653C70025BC14 /* ReportsVC.swift */,
				73DDCA7927D654470025BC14 /* Reports.storyboard */,
			);
			path = ReportsPage;
			sourceTree = "<group>";
		};
		73DDCA7E27D654790025BC14 /* CommunicationPage */ = {
			isa = PBXGroup;
			children = (
				73DDCA6C27D653B60025BC14 /* CommmunicationVC.swift */,
				73DDCA7527D654300025BC14 /* Commmunication.storyboard */,
				73067AA827DBF1C400FC7A7F /* MessageCell */,
			);
			path = CommunicationPage;
			sourceTree = "<group>";
		};
		73DDCA7F27D6548F0025BC14 /* EmployeesPage */ = {
			isa = PBXGroup;
			children = (
				73DDCA7327D654150025BC14 /* EmployeesVC.swift */,
				73ABEE4827D65A24001F4A2F /* Employees.storyboard */,
				73A1823C27E8E4250042B648 /* EmployeeCell */,
				73E4D708281336060067B407 /* ProfileOrSchedule */,
				7369FC8A27F3CD9000E0A312 /* CreateEmployees */,
				73CBABF027EB4B8300D9A4FB /* DaysSchedules */,
			);
			path = EmployeesPage;
			sourceTree = "<group>";
		};
		73DDCA8027D654A30025BC14 /* RequestsPasge */ = {
			isa = PBXGroup;
			children = (
				73DDCA7027D653DF0025BC14 /* RequestsVC.swift */,
				73DDCA7B27D654560025BC14 /* Requests.storyboard */,
				73067AA727DBF1B100FC7A7F /* RequestCell */,
			);
			path = RequestsPasge;
			sourceTree = "<group>";
		};
		73E4D708281336060067B407 /* ProfileOrSchedule */ = {
			isa = PBXGroup;
			children = (
				73E4D70B281336AF0067B407 /* ProfileOrScheduleVC.swift */,
				73E4D709281336A40067B407 /* ProfileOrSchedule.storyboard */,
				73A96AA228134082003A5CF6 /* SelectedEmpProfile */,
			);
			path = ProfileOrSchedule;
			sourceTree = "<group>";
		};
		A4BD030DFA22BE0A3DC63323 /* Pods */ = {
			isa = PBXGroup;
			children = (
				BD537B4C9017A29F0631B0E3 /* Pods-FlashHR.debug.xcconfig */,
				34D270E593635B02F0649083 /* Pods-FlashHR.release.xcconfig */,
			);
			path = Pods;
			sourceTree = "<group>";
		};
		EAD06FF461377279B6F77236 /* Frameworks */ = {
			isa = PBXGroup;
			children = (
				0C276AF36410A344916FB7C1 /* Pods_FlashHR.framework */,
			);
			name = Frameworks;
			sourceTree = "<group>";
		};
/* End PBXGroup section */

/* Begin PBXNativeTarget section */
		7394F01727CCBA7B001C58C9 /* FlashHR */ = {
			isa = PBXNativeTarget;
			buildConfigurationList = 7394F02C27CCBA7B001C58C9 /* Build configuration list for PBXNativeTarget "FlashHR" */;
			buildPhases = (
				D0CB881892F229D015ADD189 /* [CP] Check Pods Manifest.lock */,
				7394F01427CCBA7B001C58C9 /* Sources */,
				7394F01527CCBA7B001C58C9 /* Frameworks */,
				7394F01627CCBA7B001C58C9 /* Resources */,
				533641A8F5DBC0D93BC6E66B /* [CP] Embed Pods Frameworks */,
				50A9B0DC8E4ECA51971BD119 /* [CP] Copy Pods Resources */,
			);
			buildRules = (
			);
			dependencies = (
			);
			name = FlashHR;
			productName = FlashHR;
			productReference = 7394F01827CCBA7B001C58C9 /* FlashHR.app */;
			productType = "com.apple.product-type.application";
		};
/* End PBXNativeTarget section */

/* Begin PBXProject section */
		7394F01027CCBA7B001C58C9 /* Project object */ = {
			isa = PBXProject;
			attributes = {
				BuildIndependentTargetsInParallel = 1;
				KnownAssetTags = (
					0x123d28040,
				);
				LastSwiftUpdateCheck = 1320;
				LastUpgradeCheck = 1320;
				TargetAttributes = {
					7394F01727CCBA7B001C58C9 = {
						CreatedOnToolsVersion = 13.2.1;
					};
				};
			};
			buildConfigurationList = 7394F01327CCBA7B001C58C9 /* Build configuration list for PBXProject "FlashHR" */;
			compatibilityVersion = "Xcode 13.0";
			developmentRegion = en;
			hasScannedForEncodings = 0;
			knownRegions = (
				en,
				Base,
			);
			mainGroup = 7394F00F27CCBA7B001C58C9;
			productRefGroup = 7394F01927CCBA7B001C58C9 /* Products */;
			projectDirPath = "";
			projectRoot = "";
			targets = (
				7394F01727CCBA7B001C58C9 /* FlashHR */,
			);
		};
/* End PBXProject section */

/* Begin PBXResourcesBuildPhase section */
		7394F01627CCBA7B001C58C9 /* Resources */ = {
			isa = PBXResourcesBuildPhase;
			buildActionMask = 2147483647;
			files = (
				7374A2D127D1321E00493821 /* Login.storyboard in Resources */,
				73CBABF427EB4C1100D9A4FB /* DaysSchedules.storyboard in Resources */,
				7381E2C127DB751F00134937 /* RequestCell.xib in Resources */,
				7394F02827CCBA7B001C58C9 /* LaunchScreen.storyboard in Resources */,
				73680263281D4EEB0039C251 /* WorkDetails.storyboard in Resources */,
				73A1823B27E8E41F0042B648 /* EmployeeCell.xib in Resources */,
				730FA0BD27D0BF3E00EB0C39 /* GoogleService-Info.plist in Resources */,
				7394F02527CCBA7B001C58C9 /* Assets.xcassets in Resources */,
				730FA0B527D0B8ED00EB0C39 /* Employee.storyboard in Resources */,
				7368026D281D54830039C251 /* GoogleMapsCell.xib in Resources */,
				73ABEE4927D65A24001F4A2F /* Employees.storyboard in Resources */,
				73A735A327CF62D700FA9253 /* Main.storyboard in Resources */,
				73E61AC0281EF4E900E2BBE0 /* Maps.storyboard in Resources */,
				73ABEE4B27D65FB9001F4A2F /* TabBar.storyboard in Resources */,
				73556EEA27E7A38C0051A2E5 /* infoCell.xib in Resources */,
				73067AB027DBF28600FC7A7F /* MessageCell.xib in Resources */,
				7369FC8F27F3CDEA00E0A312 /* CreateEmployee.storyboard in Resources */,
				7368026A281D50A90039C251 /* WorkDetailsCell.xib in Resources */,
				73A735A027CF5F1F00FA9253 /* ResetPassword.storyboard in Resources */,
				73A96AA6281340B0003A5CF6 /* SelectedEmpProfile.storyboard in Resources */,
				73556EE327E79EB70051A2E5 /* ProfileAsTableView.storyboard in Resources */,
				73E4D70A281336A40067B407 /* ProfileOrSchedule.storyboard in Resources */,
				73DDCA7627D654300025BC14 /* Commmunication.storyboard in Resources */,
				73DDCA7C27D654560025BC14 /* Requests.storyboard in Resources */,
				73DDCA7A27D654470025BC14 /* Reports.storyboard in Resources */,
			);
			runOnlyForDeploymentPostprocessing = 0;
		};
/* End PBXResourcesBuildPhase section */

/* Begin PBXShellScriptBuildPhase section */
		50A9B0DC8E4ECA51971BD119 /* [CP] Copy Pods Resources */ = {
			isa = PBXShellScriptBuildPhase;
			buildActionMask = 2147483647;
			files = (
			);
			inputFileListPaths = (
				"${PODS_ROOT}/Target Support Files/Pods-FlashHR/Pods-FlashHR-resources-${CONFIGURATION}-input-files.xcfilelist",
			);
			name = "[CP] Copy Pods Resources";
			outputFileListPaths = (
				"${PODS_ROOT}/Target Support Files/Pods-FlashHR/Pods-FlashHR-resources-${CONFIGURATION}-output-files.xcfilelist",
			);
			runOnlyForDeploymentPostprocessing = 0;
			shellPath = /bin/sh;
			shellScript = "\"${PODS_ROOT}/Target Support Files/Pods-FlashHR/Pods-FlashHR-resources.sh\"\n";
			showEnvVarsInLog = 0;
		};
		533641A8F5DBC0D93BC6E66B /* [CP] Embed Pods Frameworks */ = {
			isa = PBXShellScriptBuildPhase;
			buildActionMask = 2147483647;
			files = (
			);
			inputFileListPaths = (
				"${PODS_ROOT}/Target Support Files/Pods-FlashHR/Pods-FlashHR-frameworks-${CONFIGURATION}-input-files.xcfilelist",
			);
			name = "[CP] Embed Pods Frameworks";
			outputFileListPaths = (
				"${PODS_ROOT}/Target Support Files/Pods-FlashHR/Pods-FlashHR-frameworks-${CONFIGURATION}-output-files.xcfilelist",
			);
			runOnlyForDeploymentPostprocessing = 0;
			shellPath = /bin/sh;
			shellScript = "\"${PODS_ROOT}/Target Support Files/Pods-FlashHR/Pods-FlashHR-frameworks.sh\"\n";
			showEnvVarsInLog = 0;
		};
		D0CB881892F229D015ADD189 /* [CP] Check Pods Manifest.lock */ = {
			isa = PBXShellScriptBuildPhase;
			buildActionMask = 2147483647;
			files = (
			);
			inputFileListPaths = (
			);
			inputPaths = (
				"${PODS_PODFILE_DIR_PATH}/Podfile.lock",
				"${PODS_ROOT}/Manifest.lock",
			);
			name = "[CP] Check Pods Manifest.lock";
			outputFileListPaths = (
			);
			outputPaths = (
				"$(DERIVED_FILE_DIR)/Pods-FlashHR-checkManifestLockResult.txt",
			);
			runOnlyForDeploymentPostprocessing = 0;
			shellPath = /bin/sh;
			shellScript = "diff \"${PODS_PODFILE_DIR_PATH}/Podfile.lock\" \"${PODS_ROOT}/Manifest.lock\" > /dev/null\nif [ $? != 0 ] ; then\n    # print error to STDERR\n    echo \"error: The sandbox is not in sync with the Podfile.lock. Run 'pod install' or update your CocoaPods installation.\" >&2\n    exit 1\nfi\n# This output is used by Xcode 'outputs' to avoid re-running this script phase.\necho \"SUCCESS\" > \"${SCRIPT_OUTPUT_FILE_0}\"\n";
			showEnvVarsInLog = 0;
		};
/* End PBXShellScriptBuildPhase section */

/* Begin PBXSourcesBuildPhase section */
		7394F01427CCBA7B001C58C9 /* Sources */ = {
			isa = PBXSourcesBuildPhase;
			buildActionMask = 2147483647;
			files = (
				73680261281D4ED70039C251 /* WorkDetailsVC.swift in Sources */,
				7368026F281D548C0039C251 /* GoogleMapsCell.swift in Sources */,
				7394F02027CCBA7B001C58C9 /* LoginViewController.swift in Sources */,
				73354A09281EECB000239127 /* MapsViewC.swift in Sources */,
				7394F01C27CCBA7B001C58C9 /* AppDelegate.swift in Sources */,
				73FBD99A27CD73A90061B864 /* ResetPassViewController.swift in Sources */,
				73A1823A27E8E41F0042B648 /* EmployeeCell.swift in Sources */,
				7394F01E27CCBA7B001C58C9 /* SceneDelegate.swift in Sources */,
				73DDCA7427D654150025BC14 /* EmployeesVC.swift in Sources */,
				73DDCA7127D653DF0025BC14 /* RequestsVC.swift in Sources */,
				7369FC8D27F3CDD800E0A312 /* CreateEmployeeVC.swift in Sources */,
				73DDCA6D27D653B60025BC14 /* CommmunicationVC.swift in Sources */,
				73A96AA4281340A6003A5CF6 /* SelectedEmpProfileVC.swift in Sources */,
				73556EE927E7A38C0051A2E5 /* infoCell.swift in Sources */,
				7374A2CA27D12C6000493821 /* UserDataService.swift in Sources */,
				73680268281D508A0039C251 /* WorkDetailsCell.swift in Sources */,
				730FA0B927D0B91B00EB0C39 /* EmployeeViewController.swift in Sources */,
				73067AAF27DBF28600FC7A7F /* MessageCell.swift in Sources */,
				7381E2C027DB751F00134937 /* RequestCell.swift in Sources */,
				73C8942F27D140F200BA3A6A /* Extensions.swift in Sources */,
				73E4D70C281336AF0067B407 /* ProfileOrScheduleVC.swift in Sources */,
				73DDCA6F27D653C70025BC14 /* ReportsVC.swift in Sources */,
				73CBABF227EB4BF900D9A4FB /* DaysSchedulesVC.swift in Sources */,
				73556EE527E79FC70051A2E5 /* ProfileAsTableViewVC.swift in Sources */,
				7374A2CD27D12C7E00493821 /* LoginService.swift in Sources */,
				7394F03327CCBC9E001C58C9 /* Constants.swift in Sources */,
				7338C11328183C2C0065CA3F /* FireBaseService.swift in Sources */,
				7374A2C327D124EE00493821 /* UserModel.swift in Sources */,
				7374A2C627D1283C00493821 /* SplashViewController.swift in Sources */,
			);
			runOnlyForDeploymentPostprocessing = 0;
		};
/* End PBXSourcesBuildPhase section */

/* Begin PBXVariantGroup section */
		7394F02627CCBA7B001C58C9 /* LaunchScreen.storyboard */ = {
			isa = PBXVariantGroup;
			children = (
				7394F02727CCBA7B001C58C9 /* Base */,
			);
			name = LaunchScreen.storyboard;
			sourceTree = "<group>";
		};
/* End PBXVariantGroup section */

/* Begin XCBuildConfiguration section */
		7394F02A27CCBA7B001C58C9 /* Debug */ = {
			isa = XCBuildConfiguration;
			buildSettings = {
				ALWAYS_SEARCH_USER_PATHS = NO;
				CLANG_ANALYZER_NONNULL = YES;
				CLANG_ANALYZER_NUMBER_OBJECT_CONVERSION = YES_AGGRESSIVE;
				CLANG_CXX_LANGUAGE_STANDARD = "gnu++17";
				CLANG_CXX_LIBRARY = "libc++";
				CLANG_ENABLE_MODULES = YES;
				CLANG_ENABLE_OBJC_ARC = YES;
				CLANG_ENABLE_OBJC_WEAK = YES;
				CLANG_WARN_BLOCK_CAPTURE_AUTORELEASING = YES;
				CLANG_WARN_BOOL_CONVERSION = YES;
				CLANG_WARN_COMMA = YES;
				CLANG_WARN_CONSTANT_CONVERSION = YES;
				CLANG_WARN_DEPRECATED_OBJC_IMPLEMENTATIONS = YES;
				CLANG_WARN_DIRECT_OBJC_ISA_USAGE = YES_ERROR;
				CLANG_WARN_DOCUMENTATION_COMMENTS = YES;
				CLANG_WARN_EMPTY_BODY = YES;
				CLANG_WARN_ENUM_CONVERSION = YES;
				CLANG_WARN_INFINITE_RECURSION = YES;
				CLANG_WARN_INT_CONVERSION = YES;
				CLANG_WARN_NON_LITERAL_NULL_CONVERSION = YES;
				CLANG_WARN_OBJC_IMPLICIT_RETAIN_SELF = YES;
				CLANG_WARN_OBJC_LITERAL_CONVERSION = YES;
				CLANG_WARN_OBJC_ROOT_CLASS = YES_ERROR;
				CLANG_WARN_QUOTED_INCLUDE_IN_FRAMEWORK_HEADER = YES;
				CLANG_WARN_RANGE_LOOP_ANALYSIS = YES;
				CLANG_WARN_STRICT_PROTOTYPES = YES;
				CLANG_WARN_SUSPICIOUS_MOVE = YES;
				CLANG_WARN_UNGUARDED_AVAILABILITY = YES_AGGRESSIVE;
				CLANG_WARN_UNREACHABLE_CODE = YES;
				CLANG_WARN__DUPLICATE_METHOD_MATCH = YES;
				COPY_PHASE_STRIP = NO;
				DEBUG_INFORMATION_FORMAT = dwarf;
				ENABLE_STRICT_OBJC_MSGSEND = YES;
				ENABLE_TESTABILITY = YES;
				GCC_C_LANGUAGE_STANDARD = gnu11;
				GCC_DYNAMIC_NO_PIC = NO;
				GCC_NO_COMMON_BLOCKS = YES;
				GCC_OPTIMIZATION_LEVEL = 0;
				GCC_PREPROCESSOR_DEFINITIONS = (
					"DEBUG=1",
					"$(inherited)",
				);
				GCC_WARN_64_TO_32_BIT_CONVERSION = YES;
				GCC_WARN_ABOUT_RETURN_TYPE = YES_ERROR;
				GCC_WARN_UNDECLARED_SELECTOR = YES;
				GCC_WARN_UNINITIALIZED_AUTOS = YES_AGGRESSIVE;
				GCC_WARN_UNUSED_FUNCTION = YES;
				GCC_WARN_UNUSED_VARIABLE = YES;
				IPHONEOS_DEPLOYMENT_TARGET = 15.2;
				MTL_ENABLE_DEBUG_INFO = INCLUDE_SOURCE;
				MTL_FAST_MATH = YES;
				ONLY_ACTIVE_ARCH = YES;
				SDKROOT = iphoneos;
				SWIFT_ACTIVE_COMPILATION_CONDITIONS = DEBUG;
				SWIFT_OPTIMIZATION_LEVEL = "-Onone";
			};
			name = Debug;
		};
		7394F02B27CCBA7B001C58C9 /* Release */ = {
			isa = XCBuildConfiguration;
			buildSettings = {
				ALWAYS_SEARCH_USER_PATHS = NO;
				CLANG_ANALYZER_NONNULL = YES;
				CLANG_ANALYZER_NUMBER_OBJECT_CONVERSION = YES_AGGRESSIVE;
				CLANG_CXX_LANGUAGE_STANDARD = "gnu++17";
				CLANG_CXX_LIBRARY = "libc++";
				CLANG_ENABLE_MODULES = YES;
				CLANG_ENABLE_OBJC_ARC = YES;
				CLANG_ENABLE_OBJC_WEAK = YES;
				CLANG_WARN_BLOCK_CAPTURE_AUTORELEASING = YES;
				CLANG_WARN_BOOL_CONVERSION = YES;
				CLANG_WARN_COMMA = YES;
				CLANG_WARN_CONSTANT_CONVERSION = YES;
				CLANG_WARN_DEPRECATED_OBJC_IMPLEMENTATIONS = YES;
				CLANG_WARN_DIRECT_OBJC_ISA_USAGE = YES_ERROR;
				CLANG_WARN_DOCUMENTATION_COMMENTS = YES;
				CLANG_WARN_EMPTY_BODY = YES;
				CLANG_WARN_ENUM_CONVERSION = YES;
				CLANG_WARN_INFINITE_RECURSION = YES;
				CLANG_WARN_INT_CONVERSION = YES;
				CLANG_WARN_NON_LITERAL_NULL_CONVERSION = YES;
				CLANG_WARN_OBJC_IMPLICIT_RETAIN_SELF = YES;
				CLANG_WARN_OBJC_LITERAL_CONVERSION = YES;
				CLANG_WARN_OBJC_ROOT_CLASS = YES_ERROR;
				CLANG_WARN_QUOTED_INCLUDE_IN_FRAMEWORK_HEADER = YES;
				CLANG_WARN_RANGE_LOOP_ANALYSIS = YES;
				CLANG_WARN_STRICT_PROTOTYPES = YES;
				CLANG_WARN_SUSPICIOUS_MOVE = YES;
				CLANG_WARN_UNGUARDED_AVAILABILITY = YES_AGGRESSIVE;
				CLANG_WARN_UNREACHABLE_CODE = YES;
				CLANG_WARN__DUPLICATE_METHOD_MATCH = YES;
				COPY_PHASE_STRIP = NO;
				DEBUG_INFORMATION_FORMAT = "dwarf-with-dsym";
				ENABLE_NS_ASSERTIONS = NO;
				ENABLE_STRICT_OBJC_MSGSEND = YES;
				GCC_C_LANGUAGE_STANDARD = gnu11;
				GCC_NO_COMMON_BLOCKS = YES;
				GCC_WARN_64_TO_32_BIT_CONVERSION = YES;
				GCC_WARN_ABOUT_RETURN_TYPE = YES_ERROR;
				GCC_WARN_UNDECLARED_SELECTOR = YES;
				GCC_WARN_UNINITIALIZED_AUTOS = YES_AGGRESSIVE;
				GCC_WARN_UNUSED_FUNCTION = YES;
				GCC_WARN_UNUSED_VARIABLE = YES;
				IPHONEOS_DEPLOYMENT_TARGET = 15.2;
				MTL_ENABLE_DEBUG_INFO = NO;
				MTL_FAST_MATH = YES;
				SDKROOT = iphoneos;
				SWIFT_COMPILATION_MODE = wholemodule;
				SWIFT_OPTIMIZATION_LEVEL = "-O";
				VALIDATE_PRODUCT = YES;
			};
			name = Release;
		};
		7394F02D27CCBA7B001C58C9 /* Debug */ = {
			isa = XCBuildConfiguration;
			baseConfigurationReference = BD537B4C9017A29F0631B0E3 /* Pods-FlashHR.debug.xcconfig */;
			buildSettings = {
				ASSETCATALOG_COMPILER_APPICON_NAME = AppIcon;
				ASSETCATALOG_COMPILER_GLOBAL_ACCENT_COLOR_NAME = AccentColor;
				CODE_SIGN_STYLE = Automatic;
				CURRENT_PROJECT_VERSION = 1;
				DEVELOPMENT_TEAM = LBM5YFV4LP;
				GENERATE_INFOPLIST_FILE = YES;
				INFOPLIST_FILE = FlashHR/Info.plist;
				INFOPLIST_KEY_UIApplicationSupportsIndirectInputEvents = YES;
				INFOPLIST_KEY_UILaunchStoryboardName = LaunchScreen;
				INFOPLIST_KEY_UIMainStoryboardFile = Main;
				INFOPLIST_KEY_UISupportedInterfaceOrientations = "UIInterfaceOrientationPortrait UIInterfaceOrientationPortraitUpsideDown";
				INFOPLIST_KEY_UISupportedInterfaceOrientations_iPad = "UIInterfaceOrientationPortrait UIInterfaceOrientationPortraitUpsideDown UIInterfaceOrientationLandscapeLeft UIInterfaceOrientationLandscapeRight";
				INFOPLIST_KEY_UISupportedInterfaceOrientations_iPhone = "UIInterfaceOrientationPortrait UIInterfaceOrientationLandscapeLeft UIInterfaceOrientationLandscapeRight";
				INFOPLIST_KEY_UIUserInterfaceStyle = Light;
				IPHONEOS_DEPLOYMENT_TARGET = 15.2;
				LD_RUNPATH_SEARCH_PATHS = (
					"$(inherited)",
					"@executable_path/Frameworks",
				);
				MARKETING_VERSION = 1.0;
				PRODUCT_BUNDLE_IDENTIFIER = com.Mahameed.FlashHR;
				PRODUCT_NAME = "$(TARGET_NAME)";
				SWIFT_EMIT_LOC_STRINGS = YES;
				SWIFT_VERSION = 5.0;
				TARGETED_DEVICE_FAMILY = "1,2";
			};
			name = Debug;
		};
		7394F02E27CCBA7B001C58C9 /* Release */ = {
			isa = XCBuildConfiguration;
			baseConfigurationReference = 34D270E593635B02F0649083 /* Pods-FlashHR.release.xcconfig */;
			buildSettings = {
				ASSETCATALOG_COMPILER_APPICON_NAME = AppIcon;
				ASSETCATALOG_COMPILER_GLOBAL_ACCENT_COLOR_NAME = AccentColor;
				CODE_SIGN_STYLE = Automatic;
				CURRENT_PROJECT_VERSION = 1;
				DEVELOPMENT_TEAM = LBM5YFV4LP;
				GENERATE_INFOPLIST_FILE = YES;
				INFOPLIST_FILE = FlashHR/Info.plist;
				INFOPLIST_KEY_UIApplicationSupportsIndirectInputEvents = YES;
				INFOPLIST_KEY_UILaunchStoryboardName = LaunchScreen;
				INFOPLIST_KEY_UIMainStoryboardFile = Main;
				INFOPLIST_KEY_UISupportedInterfaceOrientations = "UIInterfaceOrientationPortrait UIInterfaceOrientationPortraitUpsideDown";
				INFOPLIST_KEY_UISupportedInterfaceOrientations_iPad = "UIInterfaceOrientationPortrait UIInterfaceOrientationPortraitUpsideDown UIInterfaceOrientationLandscapeLeft UIInterfaceOrientationLandscapeRight";
				INFOPLIST_KEY_UISupportedInterfaceOrientations_iPhone = "UIInterfaceOrientationPortrait UIInterfaceOrientationLandscapeLeft UIInterfaceOrientationLandscapeRight";
				INFOPLIST_KEY_UIUserInterfaceStyle = Light;
				IPHONEOS_DEPLOYMENT_TARGET = 15.2;
				LD_RUNPATH_SEARCH_PATHS = (
					"$(inherited)",
					"@executable_path/Frameworks",
				);
				MARKETING_VERSION = 1.0;
				PRODUCT_BUNDLE_IDENTIFIER = com.Mahameed.FlashHR;
				PRODUCT_NAME = "$(TARGET_NAME)";
				SWIFT_EMIT_LOC_STRINGS = YES;
				SWIFT_VERSION = 5.0;
				TARGETED_DEVICE_FAMILY = "1,2";
			};
			name = Release;
		};
/* End XCBuildConfiguration section */

/* Begin XCConfigurationList section */
		7394F01327CCBA7B001C58C9 /* Build configuration list for PBXProject "FlashHR" */ = {
			isa = XCConfigurationList;
			buildConfigurations = (
				7394F02A27CCBA7B001C58C9 /* Debug */,
				7394F02B27CCBA7B001C58C9 /* Release */,
			);
			defaultConfigurationIsVisible = 0;
			defaultConfigurationName = Release;
		};
		7394F02C27CCBA7B001C58C9 /* Build configuration list for PBXNativeTarget "FlashHR" */ = {
			isa = XCConfigurationList;
			buildConfigurations = (
				7394F02D27CCBA7B001C58C9 /* Debug */,
				7394F02E27CCBA7B001C58C9 /* Release */,
			);
			defaultConfigurationIsVisible = 0;
			defaultConfigurationName = Release;
		};
/* End XCConfigurationList section */
	};
	rootObject = 7394F01027CCBA7B001C58C9 /* Project object */;
}
